
Microsoft Visual Studio Solution File, Format Version 12.00
# Visual Studio 15
VisualStudioVersion = 15.0.28307.421
MinimumVisualStudioVersion = 10.0.40219.1
Project("{FAE04EC0-301F-11D3-BF4B-00C04F79EFBC}") = "LE VRAI", "WINDOWS FORM PPE\LE VRAI.csproj", "{4C9BB5D1-1BE5-4191-91F5-271AB5A753CA}"
EndProject
Global
	GlobalSection(SolutionConfigurationPlatforms) = preSolution
		Debug|Any CPU = Debug|Any CPU
		Release|Any CPU = Release|Any CPU
	EndGlobalSection
	GlobalSection(ProjectConfigurationPlatforms) = postSolution
		{4C9BB5D1-1BE5-4191-91F5-271AB5A753CA}.Debug|Any CPU.ActiveCfg = Debug|Any CPU
		{4C9BB5D1-1BE5-4191-91F5-271AB5A753CA}.Debug|Any CPU.Build.0 = Debug|Any CPU
		{4C9BB5D1-1BE5-4191-91F5-271AB5A753CA}.Release|Any CPU.ActiveCfg = Release|Any CPU
		{4C9BB5D1-1BE5-4191-91F5-271AB5A753CA}.Release|Any CPU.Build.0 = Release|Any CPU
	EndGlobalSection
	GlobalSection(SolutionProperties) = preSolution
		HideSolutionNode = FALSE
	EndGlobalSection
	GlobalSection(ExtensibilityGlobals) = postSolution
		SolutionGuid = {8C4A8025-EB5C-4FFF-9DE6-0B20CAE2543F}
	EndGlobalSection
EndGlobal
